// !$*UTF8*$!
{
	archiveVersion = 1;
	classes = {
	};
	objectVersion = 77;
	objects = {

/* Begin PBXBuildFile section */
		C85F02DD2CE8EBAF00479356 /* SnoizeMIDI.framework in Frameworks */ = {isa = PBXBuildFile; fileRef = C85F02D62CE8EAD300479356 /* SnoizeMIDI.framework */; };
		C85F02DE2CE8EBAF00479356 /* SnoizeMIDI.framework in Embed Frameworks */ = {isa = PBXBuildFile; fileRef = C85F02D62CE8EAD300479356 /* SnoizeMIDI.framework */; settings = {ATTRIBUTES = (CodeSignOnCopy, RemoveHeadersOnCopy, ); }; };
		C85F02F02CE9157D00479356 /* CGMath in Frameworks */ = {isa = PBXBuildFile; productRef = C85F02EF2CE9157D00479356 /* CGMath */; };
		C8EA84F22CE6CBD600B0F2C4 /* ISSoundAdditions in Frameworks */ = {isa = PBXBuildFile; productRef = C8EA84F12CE6CBD600B0F2C4 /* ISSoundAdditions */; };
/* End PBXBuildFile section */

/* Begin PBXContainerItemProxy section */
		C85F02D52CE8EAD300479356 /* PBXContainerItemProxy */ = {
			isa = PBXContainerItemProxy;
			containerPortal = C85F02C32CE8EAC400479356 /* SnoizeMIDI.xcodeproj */;
			proxyType = 2;
			remoteGlobalIDString = 8DC2EF5B0486A6940098B216;
			remoteInfo = SnoizeMIDI;
		};
/* End PBXContainerItemProxy section */

/* Begin PBXCopyFilesBuildPhase section */
		C85F02DF2CE8EBAF00479356 /* Embed Frameworks */ = {
			isa = PBXCopyFilesBuildPhase;
			buildActionMask = 2147483647;
			dstPath = "";
			dstSubfolderSpec = 10;
			files = (
				C85F02DE2CE8EBAF00479356 /* SnoizeMIDI.framework in Embed Frameworks */,
			);
			name = "Embed Frameworks";
			runOnlyForDeploymentPostprocessing = 0;
		};
/* End PBXCopyFilesBuildPhase section */

/* Begin PBXFileReference section */
		C85F02C32CE8EAC400479356 /* SnoizeMIDI.xcodeproj */ = {isa = PBXFileReference; lastKnownFileType = "wrapper.pb-project"; path = SnoizeMIDI.xcodeproj; sourceTree = "<group>"; };
		C8EA84D42CE6CAEB00B0F2C4 /* MIDIVolumeControl.app */ = {isa = PBXFileReference; explicitFileType = wrapper.application; includeInIndex = 0; path = MIDIVolumeControl.app; sourceTree = BUILT_PRODUCTS_DIR; };
		C8EA85232CE6CF0700B0F2C4 /* SnoizeMIDI.xcodeproj */ = {isa = PBXFileReference; lastKnownFileType = "wrapper.pb-project"; path = SnoizeMIDI.xcodeproj; sourceTree = "<group>"; };
/* End PBXFileReference section */

/* Begin PBXFileSystemSynchronizedRootGroup section */
		C8EA84D62CE6CAEB00B0F2C4 /* MIDIVolumeControl */ = {
			isa = PBXFileSystemSynchronizedRootGroup;
			path = MIDIVolumeControl;
			sourceTree = "<group>";
		};
		C8EA852D2CE6CF0700B0F2C4 /* SnoizeMIDI */ = {
			isa = PBXFileSystemSynchronizedRootGroup;
			name = SnoizeMIDI;
			path = MIDIApps/Frameworks/SnoizeMIDI;
			sourceTree = SOURCE_ROOT;
		};
/* End PBXFileSystemSynchronizedRootGroup section */

/* Begin PBXFrameworksBuildPhase section */
		C8EA84D12CE6CAEB00B0F2C4 /* Frameworks */ = {
			isa = PBXFrameworksBuildPhase;
			buildActionMask = 2147483647;
			files = (
				C85F02F02CE9157D00479356 /* CGMath in Frameworks */,
				C8EA84F22CE6CBD600B0F2C4 /* ISSoundAdditions in Frameworks */,
				C85F02DD2CE8EBAF00479356 /* SnoizeMIDI.framework in Frameworks */,
			);
			runOnlyForDeploymentPostprocessing = 0;
		};
/* End PBXFrameworksBuildPhase section */

/* Begin PBXGroup section */
		C85F02CD2CE8EAC400479356 /* Products */ = {
			isa = PBXGroup;
			children = (
				C85F02D62CE8EAD300479356 /* SnoizeMIDI.framework */,
			);
			name = Products;
			sourceTree = "<group>";
		};
		C8EA84CB2CE6CAEB00B0F2C4 = {
			isa = PBXGroup;
			children = (
				C8EA84D62CE6CAEB00B0F2C4 /* MIDIVolumeControl */,
				C8EA84F42CE6CEEC00B0F2C4 /* Dependencies */,
				C8EA85632CE6CF1600B0F2C4 /* Frameworks */,
				C8EA84D52CE6CAEB00B0F2C4 /* Products */,
			);
			sourceTree = "<group>";
		};
		C8EA84D52CE6CAEB00B0F2C4 /* Products */ = {
			isa = PBXGroup;
			children = (
				C8EA84D42CE6CAEB00B0F2C4 /* MIDIVolumeControl.app */,
			);
			name = Products;
			sourceTree = "<group>";
		};
		C8EA84F42CE6CEEC00B0F2C4 /* Dependencies */ = {
			isa = PBXGroup;
			children = (
				C8EA852D2CE6CF0700B0F2C4 /* SnoizeMIDI */,
			);
			path = Dependencies;
			sourceTree = "<group>";
		};
		C8EA852E2CE6CF0700B0F2C4 /* Products */ = {
			isa = PBXGroup;
			children = (
			);
			name = Products;
			sourceTree = "<group>";
		};
		C8EA85632CE6CF1600B0F2C4 /* Frameworks */ = {
			isa = PBXGroup;
			children = (
			);
			name = Frameworks;
			sourceTree = "<group>";
		};
/* End PBXGroup section */

/* Begin PBXNativeTarget section */
		C8EA84D32CE6CAEB00B0F2C4 /* MIDIVolumeControl */ = {
			isa = PBXNativeTarget;
			buildConfigurationList = C8EA84E32CE6CAED00B0F2C4 /* Build configuration list for PBXNativeTarget "MIDIVolumeControl" */;
			buildPhases = (
				C8EA84D02CE6CAEB00B0F2C4 /* Sources */,
				C8EA84D12CE6CAEB00B0F2C4 /* Frameworks */,
				C8EA84D22CE6CAEB00B0F2C4 /* Resources */,
				C85F02DF2CE8EBAF00479356 /* Embed Frameworks */,
			);
			buildRules = (
			);
			dependencies = (
			);
			fileSystemSynchronizedGroups = (
				C8EA84D62CE6CAEB00B0F2C4 /* MIDIVolumeControl */,
			);
			name = MIDIVolumeControl;
			packageProductDependencies = (
				C8EA84F12CE6CBD600B0F2C4 /* ISSoundAdditions */,
				C85F02EF2CE9157D00479356 /* CGMath */,
			);
			productName = MIDIVolumeControl;
			productReference = C8EA84D42CE6CAEB00B0F2C4 /* MIDIVolumeControl.app */;
			productType = "com.apple.product-type.application";
		};
/* End PBXNativeTarget section */

/* Begin PBXProject section */
		C8EA84CC2CE6CAEB00B0F2C4 /* Project object */ = {
			isa = PBXProject;
			attributes = {
				BuildIndependentTargetsInParallel = 1;
				LastSwiftUpdateCheck = 1600;
				LastUpgradeCheck = 1600;
				TargetAttributes = {
					C8EA84D32CE6CAEB00B0F2C4 = {
						CreatedOnToolsVersion = 16.0;
					};
				};
			};
			buildConfigurationList = C8EA84CF2CE6CAEB00B0F2C4 /* Build configuration list for PBXProject "MIDIVolumeControl" */;
			developmentRegion = en;
			hasScannedForEncodings = 0;
			knownRegions = (
				en,
				Base,
			);
			mainGroup = C8EA84CB2CE6CAEB00B0F2C4;
			minimizedProjectReferenceProxies = 1;
			packageReferences = (
				C8EA84F02CE6CBD600B0F2C4 /* XCRemoteSwiftPackageReference "ISSoundAdditions" */,
				C85F02EE2CE9157D00479356 /* XCRemoteSwiftPackageReference "CGMath" */,
			);
			preferredProjectObjectVersion = 77;
			productRefGroup = C8EA84D52CE6CAEB00B0F2C4 /* Products */;
			projectDirPath = "";
			projectReferences = (
				{
					ProductGroup = C85F02CD2CE8EAC400479356 /* Products */;
					ProjectRef = C85F02C32CE8EAC400479356 /* SnoizeMIDI.xcodeproj */;
				},
				{
					ProductGroup = C8EA852E2CE6CF0700B0F2C4 /* Products */;
					ProjectRef = C8EA85232CE6CF0700B0F2C4 /* SnoizeMIDI.xcodeproj */;
				},
			);
			projectRoot = "";
			targets = (
				C8EA84D32CE6CAEB00B0F2C4 /* MIDIVolumeControl */,
			);
		};
/* End PBXProject section */

/* Begin PBXReferenceProxy section */
		C85F02D62CE8EAD300479356 /* SnoizeMIDI.framework */ = {
			isa = PBXReferenceProxy;
			fileType = wrapper.framework;
			path = SnoizeMIDI.framework;
			remoteRef = C85F02D52CE8EAD300479356 /* PBXContainerItemProxy */;
			sourceTree = BUILT_PRODUCTS_DIR;
		};
/* End PBXReferenceProxy section */

/* Begin PBXResourcesBuildPhase section */
		C8EA84D22CE6CAEB00B0F2C4 /* Resources */ = {
			isa = PBXResourcesBuildPhase;
			buildActionMask = 2147483647;
			files = (
			);
			runOnlyForDeploymentPostprocessing = 0;
		};
/* End PBXResourcesBuildPhase section */

/* Begin PBXSourcesBuildPhase section */
		C8EA84D02CE6CAEB00B0F2C4 /* Sources */ = {
			isa = PBXSourcesBuildPhase;
			buildActionMask = 2147483647;
			files = (
			);
			runOnlyForDeploymentPostprocessing = 0;
		};
/* End PBXSourcesBuildPhase section */

/* Begin XCBuildConfiguration section */
		C8EA84E12CE6CAED00B0F2C4 /* Debug */ = {
			isa = XCBuildConfiguration;
			buildSettings = {
				ALWAYS_SEARCH_USER_PATHS = NO;
				ASSETCATALOG_COMPILER_GENERATE_SWIFT_ASSET_SYMBOL_EXTENSIONS = YES;
				CLANG_ANALYZER_NONNULL = YES;
				CLANG_ANALYZER_NUMBER_OBJECT_CONVERSION = YES_AGGRESSIVE;
				CLANG_CXX_LANGUAGE_STANDARD = "gnu++20";
				CLANG_ENABLE_MODULES = YES;
				CLANG_ENABLE_OBJC_ARC = YES;
				CLANG_ENABLE_OBJC_WEAK = YES;
				CLANG_WARN_BLOCK_CAPTURE_AUTORELEASING = YES;
				CLANG_WARN_BOOL_CONVERSION = YES;
				CLANG_WARN_COMMA = YES;
				CLANG_WARN_CONSTANT_CONVERSION = YES;
				CLANG_WARN_DEPRECATED_OBJC_IMPLEMENTATIONS = YES;
				CLANG_WARN_DIRECT_OBJC_ISA_USAGE = YES_ERROR;
				CLANG_WARN_DOCUMENTATION_COMMENTS = YES;
				CLANG_WARN_EMPTY_BODY = YES;
				CLANG_WARN_ENUM_CONVERSION = YES;
				CLANG_WARN_INFINITE_RECURSION = YES;
				CLANG_WARN_INT_CONVERSION = YES;
				CLANG_WARN_NON_LITERAL_NULL_CONVERSION = YES;
				CLANG_WARN_OBJC_IMPLICIT_RETAIN_SELF = YES;
				CLANG_WARN_OBJC_LITERAL_CONVERSION = YES;
				CLANG_WARN_OBJC_ROOT_CLASS = YES_ERROR;
				CLANG_WARN_QUOTED_INCLUDE_IN_FRAMEWORK_HEADER = YES;
				CLANG_WARN_RANGE_LOOP_ANALYSIS = YES;
				CLANG_WARN_STRICT_PROTOTYPES = YES;
				CLANG_WARN_SUSPICIOUS_MOVE = YES;
				CLANG_WARN_UNGUARDED_AVAILABILITY = YES_AGGRESSIVE;
				CLANG_WARN_UNREACHABLE_CODE = YES;
				CLANG_WARN__DUPLICATE_METHOD_MATCH = YES;
				COPY_PHASE_STRIP = NO;
				DEBUG_INFORMATION_FORMAT = dwarf;
				ENABLE_STRICT_OBJC_MSGSEND = YES;
				ENABLE_TESTABILITY = YES;
				ENABLE_USER_SCRIPT_SANDBOXING = YES;
				GCC_C_LANGUAGE_STANDARD = gnu17;
				GCC_DYNAMIC_NO_PIC = NO;
				GCC_NO_COMMON_BLOCKS = YES;
				GCC_OPTIMIZATION_LEVEL = 0;
				GCC_PREPROCESSOR_DEFINITIONS = (
					"DEBUG=1",
					"$(inherited)",
				);
				GCC_WARN_64_TO_32_BIT_CONVERSION = YES;
				GCC_WARN_ABOUT_RETURN_TYPE = YES_ERROR;
				GCC_WARN_UNDECLARED_SELECTOR = YES;
				GCC_WARN_UNINITIALIZED_AUTOS = YES_AGGRESSIVE;
				GCC_WARN_UNUSED_FUNCTION = YES;
				GCC_WARN_UNUSED_VARIABLE = YES;
				LOCALIZATION_PREFERS_STRING_CATALOGS = YES;
				MACOSX_DEPLOYMENT_TARGET = 15.0;
				MTL_ENABLE_DEBUG_INFO = INCLUDE_SOURCE;
				MTL_FAST_MATH = YES;
				ONLY_ACTIVE_ARCH = YES;
				SDKROOT = macosx;
				SWIFT_ACTIVE_COMPILATION_CONDITIONS = "DEBUG $(inherited)";
				SWIFT_OPTIMIZATION_LEVEL = "-Onone";
			};
			name = Debug;
		};
		C8EA84E22CE6CAED00B0F2C4 /* Release */ = {
			isa = XCBuildConfiguration;
			buildSettings = {
				ALWAYS_SEARCH_USER_PATHS = NO;
				ASSETCATALOG_COMPILER_GENERATE_SWIFT_ASSET_SYMBOL_EXTENSIONS = YES;
				CLANG_ANALYZER_NONNULL = YES;
				CLANG_ANALYZER_NUMBER_OBJECT_CONVERSION = YES_AGGRESSIVE;
				CLANG_CXX_LANGUAGE_STANDARD = "gnu++20";
				CLANG_ENABLE_MODULES = YES;
				CLANG_ENABLE_OBJC_ARC = YES;
				CLANG_ENABLE_OBJC_WEAK = YES;
				CLANG_WARN_BLOCK_CAPTURE_AUTORELEASING = YES;
				CLANG_WARN_BOOL_CONVERSION = YES;
				CLANG_WARN_COMMA = YES;
				CLANG_WARN_CONSTANT_CONVERSION = YES;
				CLANG_WARN_DEPRECATED_OBJC_IMPLEMENTATIONS = YES;
				CLANG_WARN_DIRECT_OBJC_ISA_USAGE = YES_ERROR;
				CLANG_WARN_DOCUMENTATION_COMMENTS = YES;
				CLANG_WARN_EMPTY_BODY = YES;
				CLANG_WARN_ENUM_CONVERSION = YES;
				CLANG_WARN_INFINITE_RECURSION = YES;
				CLANG_WARN_INT_CONVERSION = YES;
				CLANG_WARN_NON_LITERAL_NULL_CONVERSION = YES;
				CLANG_WARN_OBJC_IMPLICIT_RETAIN_SELF = YES;
				CLANG_WARN_OBJC_LITERAL_CONVERSION = YES;
				CLANG_WARN_OBJC_ROOT_CLASS = YES_ERROR;
				CLANG_WARN_QUOTED_INCLUDE_IN_FRAMEWORK_HEADER = YES;
				CLANG_WARN_RANGE_LOOP_ANALYSIS = YES;
				CLANG_WARN_STRICT_PROTOTYPES = YES;
				CLANG_WARN_SUSPICIOUS_MOVE = YES;
				CLANG_WARN_UNGUARDED_AVAILABILITY = YES_AGGRESSIVE;
				CLANG_WARN_UNREACHABLE_CODE = YES;
				CLANG_WARN__DUPLICATE_METHOD_MATCH = YES;
				COPY_PHASE_STRIP = NO;
				DEBUG_INFORMATION_FORMAT = "dwarf-with-dsym";
				ENABLE_NS_ASSERTIONS = NO;
				ENABLE_STRICT_OBJC_MSGSEND = YES;
				ENABLE_USER_SCRIPT_SANDBOXING = YES;
				GCC_C_LANGUAGE_STANDARD = gnu17;
				GCC_NO_COMMON_BLOCKS = YES;
				GCC_WARN_64_TO_32_BIT_CONVERSION = YES;
				GCC_WARN_ABOUT_RETURN_TYPE = YES_ERROR;
				GCC_WARN_UNDECLARED_SELECTOR = YES;
				GCC_WARN_UNINITIALIZED_AUTOS = YES_AGGRESSIVE;
				GCC_WARN_UNUSED_FUNCTION = YES;
				GCC_WARN_UNUSED_VARIABLE = YES;
				LOCALIZATION_PREFERS_STRING_CATALOGS = YES;
				MACOSX_DEPLOYMENT_TARGET = 15.0;
				MTL_ENABLE_DEBUG_INFO = NO;
				MTL_FAST_MATH = YES;
				SDKROOT = macosx;
				SWIFT_COMPILATION_MODE = wholemodule;
			};
			name = Release;
		};
		C8EA84E42CE6CAED00B0F2C4 /* Debug */ = {
			isa = XCBuildConfiguration;
			buildSettings = {
				ASSETCATALOG_COMPILER_APPICON_NAME = AppIcon;
				ASSETCATALOG_COMPILER_GLOBAL_ACCENT_COLOR_NAME = AccentColor;
				CODE_SIGN_ENTITLEMENTS = MIDIVolumeControl/MIDIVolumeControl.entitlements;
				CODE_SIGN_STYLE = Automatic;
				COMBINE_HIDPI_IMAGES = YES;
				CURRENT_PROJECT_VERSION = 1;
				DEVELOPMENT_ASSET_PATHS = "\"MIDIVolumeControl/Preview Content\"";
				DEVELOPMENT_TEAM = FS696NSBK7;
				ENABLE_HARDENED_RUNTIME = YES;
				ENABLE_PREVIEWS = YES;
				GENERATE_INFOPLIST_FILE = YES;
				INFOPLIST_KEY_LSUIElement = YES;
				INFOPLIST_KEY_NSHumanReadableCopyright = "";
				LD_RUNPATH_SEARCH_PATHS = (
					"$(inherited)",
					"@executable_path/../Frameworks",
				);
				MARKETING_VERSION = 1.0;
				PRODUCT_BUNDLE_IDENTIFIER = com.emiliopelaez.MIDIVolumeControl;
				PRODUCT_NAME = "$(TARGET_NAME)";
				SWIFT_EMIT_LOC_STRINGS = YES;
				SWIFT_VERSION = 5.0;
			};
			name = Debug;
		};
		C8EA84E52CE6CAED00B0F2C4 /* Release */ = {
			isa = XCBuildConfiguration;
			buildSettings = {
				ASSETCATALOG_COMPILER_APPICON_NAME = AppIcon;
				ASSETCATALOG_COMPILER_GLOBAL_ACCENT_COLOR_NAME = AccentColor;
				CODE_SIGN_ENTITLEMENTS = MIDIVolumeControl/MIDIVolumeControl.entitlements;
				CODE_SIGN_STYLE = Automatic;
				COMBINE_HIDPI_IMAGES = YES;
				CURRENT_PROJECT_VERSION = 1;
				DEVELOPMENT_ASSET_PATHS = "\"MIDIVolumeControl/Preview Content\"";
				DEVELOPMENT_TEAM = FS696NSBK7;
				ENABLE_HARDENED_RUNTIME = YES;
				ENABLE_PREVIEWS = YES;
				GENERATE_INFOPLIST_FILE = YES;
				INFOPLIST_KEY_LSUIElement = YES;
				INFOPLIST_KEY_NSHumanReadableCopyright = "";
				LD_RUNPATH_SEARCH_PATHS = (
					"$(inherited)",
					"@executable_path/../Frameworks",
				);
				MARKETING_VERSION = 1.0;
				PRODUCT_BUNDLE_IDENTIFIER = com.emiliopelaez.MIDIVolumeControl;
				PRODUCT_NAME = "$(TARGET_NAME)";
				SWIFT_EMIT_LOC_STRINGS = YES;
				SWIFT_VERSION = 5.0;
			};
			name = Release;
		};
/* End XCBuildConfiguration section */

/* Begin XCConfigurationList section */
		C8EA84CF2CE6CAEB00B0F2C4 /* Build configuration list for PBXProject "MIDIVolumeControl" */ = {
			isa = XCConfigurationList;
			buildConfigurations = (
				C8EA84E12CE6CAED00B0F2C4 /* Debug */,
				C8EA84E22CE6CAED00B0F2C4 /* Release */,
			);
			defaultConfigurationIsVisible = 0;
			defaultConfigurationName = Release;
		};
		C8EA84E32CE6CAED00B0F2C4 /* Build configuration list for PBXNativeTarget "MIDIVolumeControl" */ = {
			isa = XCConfigurationList;
			buildConfigurations = (
				C8EA84E42CE6CAED00B0F2C4 /* Debug */,
				C8EA84E52CE6CAED00B0F2C4 /* Release */,
			);
			defaultConfigurationIsVisible = 0;
			defaultConfigurationName = Release;
		};
/* End XCConfigurationList section */

/* Begin XCRemoteSwiftPackageReference section */
		C85F02EE2CE9157D00479356 /* XCRemoteSwiftPackageReference "CGMath" */ = {
			isa = XCRemoteSwiftPackageReference;
			repositoryURL = "https://github.com/EmilioPelaez/CGMath";
			requirement = {
				kind = upToNextMajorVersion;
				minimumVersion = 1.0.5;
			};
		};
		C8EA84F02CE6CBD600B0F2C4 /* XCRemoteSwiftPackageReference "ISSoundAdditions" */ = {
			isa = XCRemoteSwiftPackageReference;
			repositoryURL = "https://github.com/InerziaSoft/ISSoundAdditions";
			requirement = {
				kind = upToNextMajorVersion;
				minimumVersion = 2.0.1;
			};
		};
/* End XCRemoteSwiftPackageReference section */

/* Begin XCSwiftPackageProductDependency section */
		C85F02EF2CE9157D00479356 /* CGMath */ = {
			isa = XCSwiftPackageProductDependency;
			package = C85F02EE2CE9157D00479356 /* XCRemoteSwiftPackageReference "CGMath" */;
			productName = CGMath;
		};
		C8EA84F12CE6CBD600B0F2C4 /* ISSoundAdditions */ = {
			isa = XCSwiftPackageProductDependency;
			package = C8EA84F02CE6CBD600B0F2C4 /* XCRemoteSwiftPackageReference "ISSoundAdditions" */;
			productName = ISSoundAdditions;
		};
/* End XCSwiftPackageProductDependency section */
	};
	rootObject = C8EA84CC2CE6CAEB00B0F2C4 /* Project object */;
}
