{
  "originHash" : "5ac035ddf6b6d37281983dae6748a7450b2c4183e169a24c6affcf21240c55c1",
  "pins" : [
    {
      "identity" : "cgmath",
      "kind" : "remoteSourceControl",
      "location" : "https://github.com/EmilioPelaez/CGMath",
      "state" : {
        "revision" : "3c67235bca4719249647b80c46aa02bf30a5b780",
        "version" : "1.0.5"
      }
    },
    {
      "identity" : "easing",
      "kind" : "remoteSourceControl",
      "location" : "https://github.com/manuelCarlos/Easing",
      "state" : {
        "revision" : "f9317aee6f52e0ece0a8f866a857e8440e850b63",
        "version" : "2.2.1"
      }
    },
    {
      "identity" : "issoundadditions",
      "kind" : "remoteSourceControl",
      "location" : "https://github.com/InerziaSoft/ISSoundAdditions",
      "state" : {
        "revision" : "4b555f0354e6c280917bae8a598a258efe87ab98",
        "version" : "2.0.1"
      }
    },
    {
      "identity" : "swift-numerics",
      "kind" : "remoteSourceControl",
      "location" : "https://github.com/apple/swift-numerics",
      "state" : {
        "revision" : "0a5bc04095a675662cf24757cc0640aa2204253b",
        "version" : "1.0.2"
      }
    }
  ],
  "version" : 3
}
